
Microsoft Visual Studio Solution File, Format Version 12.00
# Visual Studio Version 16
VisualStudioVersion = 16.0.31702.278
MinimumVisualStudioVersion = 10.0.40219.1
Project("{FAE04EC0-301F-11D3-BF4B-00C04F79EFBC}") = "first", "first.csproj", "{50F378DD-A53B-4D82-9AFC-8AF055F1BAD2}"
EndProject
Global
	GlobalSection(SolutionConfigurationPlatforms) = preSolution
		Debug|Any CPU = Debug|Any CPU
		Release|Any CPU = Release|Any CPU
	EndGlobalSection
	GlobalSection(ProjectConfigurationPlatforms) = postSolution
		{50F378DD-A53B-4D82-9AFC-8AF055F1BAD2}.Debug|Any CPU.ActiveCfg = Debug|Any CPU
		{50F378DD-A53B-4D82-9AFC-8AF055F1BAD2}.Debug|Any CPU.Build.0 = Debug|Any CPU
		{50F378DD-A53B-4D82-9AFC-8AF055F1BAD2}.Release|Any CPU.ActiveCfg = Release|Any CPU
		{50F378DD-A53B-4D82-9AFC-8AF055F1BAD2}.Release|Any CPU.Build.0 = Release|Any CPU
	EndGlobalSection
	GlobalSection(SolutionProperties) = preSolution
		HideSolutionNode = FALSE
	EndGlobalSection
	GlobalSection(ExtensibilityGlobals) = postSolution
		SolutionGuid = {BAE53F71-29F2-4687-9170-66EDAFEC2426}
	EndGlobalSection
EndGlobal
